
Microsoft Visual Studio Solution File, Format Version 12.00
# Visual Studio 15
VisualStudioVersion = 15.0.27703.2035
MinimumVisualStudioVersion = 10.0.40219.1
Project("{FAE04EC0-301F-11D3-BF4B-00C04F79EFBC}") = "BackupSoftware", "BackupSoftware\BackupSoftware.csproj", "{BB8B28D1-0151-4069-9EC7-3AE7D5A22790}"
EndProject
Global
	GlobalSection(SolutionConfigurationPlatforms) = preSolution
		Debug|Any CPU = Debug|Any CPU
		Release|Any CPU = Release|Any CPU
	EndGlobalSection
	GlobalSection(ProjectConfigurationPlatforms) = postSolution
		{BB8B28D1-0151-4069-9EC7-3AE7D5A22790}.Debug|Any CPU.ActiveCfg = Debug|Any CPU
		{BB8B28D1-0151-4069-9EC7-3AE7D5A22790}.Debug|Any CPU.Build.0 = Debug|Any CPU
		{BB8B28D1-0151-4069-9EC7-3AE7D5A22790}.Release|Any CPU.ActiveCfg = Release|Any CPU
		{BB8B28D1-0151-4069-9EC7-3AE7D5A22790}.Release|Any CPU.Build.0 = Release|Any CPU
	EndGlobalSection
	GlobalSection(SolutionProperties) = preSolution
		HideSolutionNode = FALSE
	EndGlobalSection
	GlobalSection(ExtensibilityGlobals) = postSolution
		SolutionGuid = {446B6606-519C-4655-BAC7-4D396B7D6DEC}
	EndGlobalSection
EndGlobal
